{
  "name": "Databases-Laboratory",
  "lockfileVersion": 3,
  "requires": true,
  "packages": {
    "": {
      "dependencies": {
        "apexcharts": "^3.54.1",
        "chart.js": "^4.4.5",
        "chartjs-chart-geo": "^4.3.3"
      }
    },
    "node_modules/@kurkle/color": {
      "version": "0.3.2",
      "resolved": "https://registry.npmjs.org/@kurkle/color/-/color-0.3.2.tgz",
      "integrity": "sha512-fuscdXJ9G1qb7W8VdHi+IwRqij3lBkosAm4ydQtEmbY58OzHXqQhvlxqEkoz0yssNVn38bcpRWgA9PP+OGoisw=="
    },
    "node_modules/@types/d3-geo": {
      "version": "3.1.0",
      "resolved": "https://registry.npmjs.org/@types/d3-geo/-/d3-geo-3.1.0.tgz",
      "integrity": "sha512-856sckF0oP/diXtS4jNsiQw/UuK5fQG8l/a9VVLeSouf1/PPbBE1i1W852zVwKwYCBkFJJB7nCFTbk6UMEXBOQ==",
      "dependencies": {
        "@types/geojson": "*"
      }
    },
    "node_modules/@types/d3-scale-chromatic": {
      "version": "3.0.3",
      "resolved": "https://registry.npmjs.org/@types/d3-scale-chromatic/-/d3-scale-chromatic-3.0.3.tgz",
      "integrity": "sha512-laXM4+1o5ImZv3RpFAsTRn3TEkzqkytiOY0Dz0sq5cnd1dtNlk6sHLon4OvqaiJb28T0S/TdsBI3Sjsy+keJrw=="
    },
    "node_modules/@types/geojson": {
      "version": "7946.0.14",
      "resolved": "https://registry.npmjs.org/@types/geojson/-/geojson-7946.0.14.tgz",
      "integrity": "sha512-WCfD5Ht3ZesJUsONdhvm84dmzWOiOzOAqOncN0++w0lBw1o8OuDNJF2McvvCef/yBqb/HYRahp1BYtODFQ8bRg=="
    },
    "node_modules/@types/topojson-client": {
      "version": "3.1.5",
      "resolved": "https://registry.npmjs.org/@types/topojson-client/-/topojson-client-3.1.5.tgz",
      "integrity": "sha512-C79rySTyPxnQNNguTZNI1Ct4D7IXgvyAs3p9HPecnl6mNrJ5+UhvGNYcZfpROYV2lMHI48kJPxwR+F9C6c7nmw==",
      "dependencies": {
        "@types/geojson": "*",
        "@types/topojson-specification": "*"
      }
    },
    "node_modules/@types/topojson-specification": {
      "version": "1.0.5",
      "resolved": "https://registry.npmjs.org/@types/topojson-specification/-/topojson-specification-1.0.5.tgz",
      "integrity": "sha512-C7KvcQh+C2nr6Y2Ub4YfgvWvWCgP2nOQMtfhlnwsRL4pYmmwzBS7HclGiS87eQfDOU/DLQpX6GEscviaz4yLIQ==",
      "dependencies": {
        "@types/geojson": "*"
      }
    },
    "node_modules/@yr/monotone-cubic-spline": {
      "version": "1.0.3",
      "resolved": "https://registry.npmjs.org/@yr/monotone-cubic-spline/-/monotone-cubic-spline-1.0.3.tgz",
      "integrity": "sha512-FQXkOta0XBSUPHndIKON2Y9JeQz5ZeMqLYZVVK93FliNBFm7LNMIZmY6FrMEB9XPcDbE2bekMbZD6kzDkxwYjA=="
    },
    "node_modules/apexcharts": {
      "version": "3.54.1",
      "resolved": "https://registry.npmjs.org/apexcharts/-/apexcharts-3.54.1.tgz",
      "integrity": "sha512-E4et0h/J1U3r3EwS/WlqJCQIbepKbp6wGUmaAwJOMjHUP4Ci0gxanLa7FR3okx6p9coi4st6J853/Cb1NP0vpA==",
      "dependencies": {
        "@yr/monotone-cubic-spline": "^1.0.3",
        "svg.draggable.js": "^2.2.2",
        "svg.easing.js": "^2.0.0",
        "svg.filter.js": "^2.0.2",
        "svg.pathmorphing.js": "^0.1.3",
        "svg.resize.js": "^1.4.3",
        "svg.select.js": "^3.0.1"
      }
    },
    "node_modules/chart.js": {
      "version": "4.4.5",
      "resolved": "https://registry.npmjs.org/chart.js/-/chart.js-4.4.5.tgz",
      "integrity": "sha512-CVVjg1RYTJV9OCC8WeJPMx8gsV8K6WIyIEQUE3ui4AR9Hfgls9URri6Ja3hyMVBbTF8Q2KFa19PE815gWcWhng==",
      "dependencies": {
        "@kurkle/color": "^0.3.0"
      },
      "engines": {
        "pnpm": ">=8"
      }
    },
    "node_modules/chartjs-chart-geo": {
      "version": "4.3.3",
      "resolved": "https://registry.npmjs.org/chartjs-chart-geo/-/chartjs-chart-geo-4.3.3.tgz",
      "integrity": "sha512-sAeKgktGJ5I6ErsCYZSBZVfievv6N//hvwsNsaPA409cmZPU8OqjB/rQn7UnykyxbVGS/Y9coJYh/iqwSJC+jA==",
      "dependencies": {
        "@types/d3-geo": "^3.1.0",
        "@types/d3-scale-chromatic": "^3.0.3",
        "@types/topojson-client": "^3.1.5",
        "d3-array": "^3.2.4",
        "d3-color": "^3.1.0",
        "d3-geo": "^3.1.1",
        "d3-interpolate": "^3.0.1",
        "d3-scale-chromatic": "^3.1.0",
        "topojson-client": "^3.1.0"
      },
      "peerDependencies": {
        "chart.js": "^4.1.0"
      }
    },
    "node_modules/commander": {
      "version": "2.20.3",
      "resolved": "https://registry.npmjs.org/commander/-/commander-2.20.3.tgz",
      "integrity": "sha512-GpVkmM8vF2vQUkj2LvZmD35JxeJOLCwJ9cUkugyk2nuhbv3+mJvpLYYt+0+USMxE+oj+ey/lJEnhZw75x/OMcQ=="
    },
    "node_modules/d3-array": {
      "version": "3.2.4",
      "resolved": "https://registry.npmjs.org/d3-array/-/d3-array-3.2.4.tgz",
      "integrity": "sha512-tdQAmyA18i4J7wprpYq8ClcxZy3SC31QMeByyCFyRt7BVHdREQZ5lpzoe5mFEYZUWe+oq8HBvk9JjpibyEV4Jg==",
      "dependencies": {
        "internmap": "1 - 2"
      },
      "engines": {
        "node": ">=12"
      }
    },
    "node_modules/d3-color": {
      "version": "3.1.0",
      "resolved": "https://registry.npmjs.org/d3-color/-/d3-color-3.1.0.tgz",
      "integrity": "sha512-zg/chbXyeBtMQ1LbD/WSoW2DpC3I0mpmPdW+ynRTj/x2DAWYrIY7qeZIHidozwV24m4iavr15lNwIwLxRmOxhA==",
      "engines": {
        "node": ">=12"
      }
    },
    "node_modules/d3-geo": {
      "version": "3.1.1",
      "resolved": "https://registry.npmjs.org/d3-geo/-/d3-geo-3.1.1.tgz",
      "integrity": "sha512-637ln3gXKXOwhalDzinUgY83KzNWZRKbYubaG+fGVuc/dxO64RRljtCTnf5ecMyE1RIdtqpkVcq0IbtU2S8j2Q==",
      "dependencies": {
        "d3-array": "2.5.0 - 3"
      },
      "engines": {
        "node": ">=12"
      }
    },
    "node_modules/d3-interpolate": {
      "version": "3.0.1",
      "resolved": "https://registry.npmjs.org/d3-interpolate/-/d3-interpolate-3.0.1.tgz",
      "integrity": "sha512-3bYs1rOD33uo8aqJfKP3JWPAibgw8Zm2+L9vBKEHJ2Rg+viTR7o5Mmv5mZcieN+FRYaAOWX5SJATX6k1PWz72g==",
      "dependencies": {
        "d3-color": "1 - 3"
      },
      "engines": {
        "node": ">=12"
      }
    },
    "node_modules/d3-scale-chromatic": {
      "version": "3.1.0",
      "resolved": "https://registry.npmjs.org/d3-scale-chromatic/-/d3-scale-chromatic-3.1.0.tgz",
      "integrity": "sha512-A3s5PWiZ9YCXFye1o246KoscMWqf8BsD9eRiJ3He7C9OBaxKhAd5TFCdEx/7VbKtxxTsu//1mMJFrEt572cEyQ==",
      "dependencies": {
        "d3-color": "1 - 3",
        "d3-interpolate": "1 - 3"
      },
      "engines": {
        "node": ">=12"
      }
    },
    "node_modules/internmap": {
      "version": "2.0.3",
      "resolved": "https://registry.npmjs.org/internmap/-/internmap-2.0.3.tgz",
      "integrity": "sha512-5Hh7Y1wQbvY5ooGgPbDaL5iYLAPzMTUrjMulskHLH6wnv/A+1q5rgEaiuqEjB+oxGXIVZs1FF+R/KPN3ZSQYYg==",
      "engines": {
        "node": ">=12"
      }
    },
    "node_modules/svg.draggable.js": {
      "version": "2.2.2",
      "resolved": "https://registry.npmjs.org/svg.draggable.js/-/svg.draggable.js-2.2.2.tgz",
      "integrity": "sha512-JzNHBc2fLQMzYCZ90KZHN2ohXL0BQJGQimK1kGk6AvSeibuKcIdDX9Kr0dT9+UJ5O8nYA0RB839Lhvk4CY4MZw==",
      "dependencies": {
        "svg.js": "^2.0.1"
      },
      "engines": {
        "node": ">= 0.8.0"
      }
    },
    "node_modules/svg.easing.js": {
      "version": "2.0.0",
      "resolved": "https://registry.npmjs.org/svg.easing.js/-/svg.easing.js-2.0.0.tgz",
      "integrity": "sha512-//ctPdJMGy22YoYGV+3HEfHbm6/69LJUTAqI2/5qBvaNHZ9uUFVC82B0Pl299HzgH13rKrBgi4+XyXXyVWWthA==",
      "dependencies": {
        "svg.js": ">=2.3.x"
      },
      "engines": {
        "node": ">= 0.8.0"
      }
    },
    "node_modules/svg.filter.js": {
      "version": "2.0.2",
      "resolved": "https://registry.npmjs.org/svg.filter.js/-/svg.filter.js-2.0.2.tgz",
      "integrity": "sha512-xkGBwU+dKBzqg5PtilaTb0EYPqPfJ9Q6saVldX+5vCRy31P6TlRCP3U9NxH3HEufkKkpNgdTLBJnmhDHeTqAkw==",
      "dependencies": {
        "svg.js": "^2.2.5"
      },
      "engines": {
        "node": ">= 0.8.0"
      }
    },
    "node_modules/svg.js": {
      "version": "2.7.1",
      "resolved": "https://registry.npmjs.org/svg.js/-/svg.js-2.7.1.tgz",
      "integrity": "sha512-ycbxpizEQktk3FYvn/8BH+6/EuWXg7ZpQREJvgacqn46gIddG24tNNe4Son6omdXCnSOaApnpZw6MPCBA1dODA=="
    },
    "node_modules/svg.pathmorphing.js": {
      "version": "0.1.3",
      "resolved": "https://registry.npmjs.org/svg.pathmorphing.js/-/svg.pathmorphing.js-0.1.3.tgz",
      "integrity": "sha512-49HWI9X4XQR/JG1qXkSDV8xViuTLIWm/B/7YuQELV5KMOPtXjiwH4XPJvr/ghEDibmLQ9Oc22dpWpG0vUDDNww==",
      "dependencies": {
        "svg.js": "^2.4.0"
      },
      "engines": {
        "node": ">= 0.8.0"
      }
    },
    "node_modules/svg.resize.js": {
      "version": "1.4.3",
      "resolved": "https://registry.npmjs.org/svg.resize.js/-/svg.resize.js-1.4.3.tgz",
      "integrity": "sha512-9k5sXJuPKp+mVzXNvxz7U0uC9oVMQrrf7cFsETznzUDDm0x8+77dtZkWdMfRlmbkEEYvUn9btKuZ3n41oNA+uw==",
      "dependencies": {
        "svg.js": "^2.6.5",
        "svg.select.js": "^2.1.2"
      },
      "engines": {
        "node": ">= 0.8.0"
      }
    },
    "node_modules/svg.resize.js/node_modules/svg.select.js": {
      "version": "2.1.2",
      "resolved": "https://registry.npmjs.org/svg.select.js/-/svg.select.js-2.1.2.tgz",
      "integrity": "sha512-tH6ABEyJsAOVAhwcCjF8mw4crjXSI1aa7j2VQR8ZuJ37H2MBUbyeqYr5nEO7sSN3cy9AR9DUwNg0t/962HlDbQ==",
      "dependencies": {
        "svg.js": "^2.2.5"
      },
      "engines": {
        "node": ">= 0.8.0"
      }
    },
    "node_modules/svg.select.js": {
      "version": "3.0.1",
      "resolved": "https://registry.npmjs.org/svg.select.js/-/svg.select.js-3.0.1.tgz",
      "integrity": "sha512-h5IS/hKkuVCbKSieR9uQCj9w+zLHoPh+ce19bBYyqF53g6mnPB8sAtIbe1s9dh2S2fCmYX2xel1Ln3PJBbK4kw==",
      "dependencies": {
        "svg.js": "^2.6.5"
      },
      "engines": {
        "node": ">= 0.8.0"
      }
    },
    "node_modules/topojson-client": {
      "version": "3.1.0",
      "resolved": "https://registry.npmjs.org/topojson-client/-/topojson-client-3.1.0.tgz",
      "integrity": "sha512-605uxS6bcYxGXw9qi62XyrV6Q3xwbndjachmNxu8HWTtVPxZfEJN9fd/SZS1Q54Sn2y0TMyMxFj/cJINqGHrKw==",
      "dependencies": {
        "commander": "2"
      },
      "bin": {
        "topo2geo": "bin/topo2geo",
        "topomerge": "bin/topomerge",
        "topoquantize": "bin/topoquantize"
      }
    }
  }
}
